<?xml version="1.0" encoding="utf-8"?>
<Project ToolsVersion="4.0" xmlns="http://schemas.microsoft.com/developer/msbuild/2003">
  <ItemGroup>
    <Filter Include="Main">
      <UniqueIdentifier>{4ca482a3-b97f-4108-aa48-bddb40fb720a}</UniqueIdentifier>
    </Filter>
    <Filter Include="Utils">
      <UniqueIdentifier>{5590bbf7-2389-40e3-8dc2-68a0614aa422}</UniqueIdentifier>
    </Filter>
  </ItemGroup>
  <ItemGroup>
    <ClCompile Include="..\GameServer\GameClient.cpp">
      <Filter>Main</Filter>
    </ClCompile>
    <ClCompile Include="..\GameServer\pch.cpp">
      <Filter>Utils</Filter>
    </ClCompile>
  </ItemGroup>
  <ItemGroup>
    <ClInclude Include="..\GameServer\pch.h">
      <Filter>Utils</Filter>
    </ClInclude>
  </ItemGroup>
</Project>